
Microsoft Visual Studio Solution File, Format Version 12.00
# Visual Studio Version 16
VisualStudioVersion = 16.0.31129.286
MinimumVisualStudioVersion = 10.0.40219.1
Project("{FAE04EC0-301F-11D3-BF4B-00C04F79EFBC}") = "Sample", "Sample.csproj", "{22892F7E-5FAA-44CB-9280-8CCBA71448CD}"
EndProject
Global
	GlobalSection(SolutionConfigurationPlatforms) = preSolution
		Debug|Any CPU = Debug|Any CPU
		Release|Any CPU = Release|Any CPU
	EndGlobalSection
	GlobalSection(ProjectConfigurationPlatforms) = postSolution
		{22892F7E-5FAA-44CB-9280-8CCBA71448CD}.Debug|Any CPU.ActiveCfg = Debug|Any CPU
		{22892F7E-5FAA-44CB-9280-8CCBA71448CD}.Debug|Any CPU.Build.0 = Debug|Any CPU
		{22892F7E-5FAA-44CB-9280-8CCBA71448CD}.Release|Any CPU.ActiveCfg = Release|Any CPU
		{22892F7E-5FAA-44CB-9280-8CCBA71448CD}.Release|Any CPU.Build.0 = Release|Any CPU
	EndGlobalSection
	GlobalSection(SolutionProperties) = preSolution
		HideSolutionNode = FALSE
	EndGlobalSection
	GlobalSection(ExtensibilityGlobals) = postSolution
		SolutionGuid = {E51E898F-A7B9-47A4-A001-CEECA550DE98}
	EndGlobalSection
EndGlobal
